
Microsoft Visual Studio Solution File, Format Version 12.00
# Visual Studio Version 16
VisualStudioVersion = 16.0.30907.101
MinimumVisualStudioVersion = 10.0.40219.1
Project("{FAE04EC0-301F-11D3-BF4B-00C04F79EFBC}") = "PlusButton", "PlusButton.csproj", "{5D401966-371B-489D-9AE1-ABEFBFDF67B7}"
EndProject
Project("{FAE04EC0-301F-11D3-BF4B-00C04F79EFBC}") = "MCButton", "..\MCButton\MCButton.csproj", "{259EA945-9039-40B5-8D61-9F886AE8219F}"
EndProject
Global
	GlobalSection(SolutionConfigurationPlatforms) = preSolution
		Debug|Any CPU = Debug|Any CPU
		Release|Any CPU = Release|Any CPU
	EndGlobalSection
	GlobalSection(ProjectConfigurationPlatforms) = postSolution
		{5D401966-371B-489D-9AE1-ABEFBFDF67B7}.Debug|Any CPU.ActiveCfg = Debug|Any CPU
		{5D401966-371B-489D-9AE1-ABEFBFDF67B7}.Debug|Any CPU.Build.0 = Debug|Any CPU
		{5D401966-371B-489D-9AE1-ABEFBFDF67B7}.Release|Any CPU.ActiveCfg = Release|Any CPU
		{5D401966-371B-489D-9AE1-ABEFBFDF67B7}.Release|Any CPU.Build.0 = Release|Any CPU
		{259EA945-9039-40B5-8D61-9F886AE8219F}.Debug|Any CPU.ActiveCfg = Debug|Any CPU
		{259EA945-9039-40B5-8D61-9F886AE8219F}.Debug|Any CPU.Build.0 = Debug|Any CPU
		{259EA945-9039-40B5-8D61-9F886AE8219F}.Release|Any CPU.ActiveCfg = Release|Any CPU
		{259EA945-9039-40B5-8D61-9F886AE8219F}.Release|Any CPU.Build.0 = Release|Any CPU
	EndGlobalSection
	GlobalSection(SolutionProperties) = preSolution
		HideSolutionNode = FALSE
	EndGlobalSection
	GlobalSection(ExtensibilityGlobals) = postSolution
		SolutionGuid = {2597B52C-8848-4C8E-A7D7-E1A69DA66218}
	EndGlobalSection
EndGlobal
